// !$*UTF8*$!
{
	archiveVersion = 1;
	classes = {
	};
	objectVersion = 48;
	objects = {

/* Begin PBXBuildFile section */
		5415C01521214E2100B26BBE /* nullptr_test.mm in Sources */ = {isa = PBXBuildFile; fileRef = 5415C01421214E2100B26BBE /* nullptr_test.mm */; };
		5415C01B21229F0800B26BBE /* type_test.mm in Sources */ = {isa = PBXBuildFile; fileRef = 5415C01A21229F0800B26BBE /* type_test.mm */; };
		542A629C21119D1E000BA066 /* main.cpp in Sources */ = {isa = PBXBuildFile; fileRef = 542A629B21119D1E000BA066 /* main.cpp */; };
		542A62AF2111C1BF000BA066 /* thread_test.mm in Sources */ = {isa = PBXBuildFile; fileRef = 542A62AE2111C1BE000BA066 /* thread_test.mm */; };
		542A62B12111C40F000BA066 /* constexpr_test.mm in Sources */ = {isa = PBXBuildFile; fileRef = 542A62B02111C40F000BA066 /* constexpr_test.mm */; };
		542A62B32111C5C5000BA066 /* overload_test.mm in Sources */ = {isa = PBXBuildFile; fileRef = 542A62B22111C5C5000BA066 /* overload_test.mm */; };
		542A62B52111C69D000BA066 /* smart_pointers_test.mm in Sources */ = {isa = PBXBuildFile; fileRef = 542A62B42111C69D000BA066 /* smart_pointers_test.mm */; };
		542A62B72112DC68000BA066 /* sfinae_test.mm in Sources */ = {isa = PBXBuildFile; fileRef = 542A62B62112DC68000BA066 /* sfinae_test.mm */; };
		54A281FD211D5E6000D9073D /* enum_test.mm in Sources */ = {isa = PBXBuildFile; fileRef = 54A281FC211D5E6000D9073D /* enum_test.mm */; };
		54A281FF211D666B00D9073D /* tuple_test.mm in Sources */ = {isa = PBXBuildFile; fileRef = 54A281FE211D666B00D9073D /* tuple_test.mm */; };
		54A28201211D6A5E00D9073D /* auto_test.mm in Sources */ = {isa = PBXBuildFile; fileRef = 54A28200211D6A5E00D9073D /* auto_test.mm */; };
/* End PBXBuildFile section */

/* Begin PBXCopyFilesBuildPhase section */
		542A629621119D1E000BA066 /* CopyFiles */ = {
			isa = PBXCopyFilesBuildPhase;
			buildActionMask = 2147483647;
			dstPath = /usr/share/man/man1/;
			dstSubfolderSpec = 0;
			files = (
			);
			runOnlyForDeploymentPostprocessing = 1;
		};
/* End PBXCopyFilesBuildPhase section */

/* Begin PBXFileReference section */
		5415C01421214E2100B26BBE /* nullptr_test.mm */ = {isa = PBXFileReference; lastKnownFileType = sourcecode.cpp.objcpp; path = nullptr_test.mm; sourceTree = "<group>"; };
		5415C01A21229F0800B26BBE /* type_test.mm */ = {isa = PBXFileReference; lastKnownFileType = sourcecode.cpp.objcpp; path = type_test.mm; sourceTree = "<group>"; };
		542A629821119D1E000BA066 /* modern_cpp */ = {isa = PBXFileReference; explicitFileType = "compiled.mach-o.executable"; includeInIndex = 0; path = modern_cpp; sourceTree = BUILT_PRODUCTS_DIR; };
		542A629B21119D1E000BA066 /* main.cpp */ = {isa = PBXFileReference; lastKnownFileType = sourcecode.cpp.cpp; path = main.cpp; sourceTree = "<group>"; };
		542A62A62111A064000BA066 /* modern_cpp_test.xctest */ = {isa = PBXFileReference; explicitFileType = wrapper.cfbundle; includeInIndex = 0; path = modern_cpp_test.xctest; sourceTree = BUILT_PRODUCTS_DIR; };
		542A62AA2111A065000BA066 /* Info.plist */ = {isa = PBXFileReference; lastKnownFileType = text.plist.xml; path = Info.plist; sourceTree = "<group>"; };
		542A62AE2111C1BE000BA066 /* thread_test.mm */ = {isa = PBXFileReference; lastKnownFileType = sourcecode.cpp.objcpp; path = thread_test.mm; sourceTree = "<group>"; };
		542A62B02111C40F000BA066 /* constexpr_test.mm */ = {isa = PBXFileReference; lastKnownFileType = sourcecode.cpp.objcpp; path = constexpr_test.mm; sourceTree = "<group>"; };
		542A62B22111C5C5000BA066 /* overload_test.mm */ = {isa = PBXFileReference; lastKnownFileType = sourcecode.cpp.objcpp; path = overload_test.mm; sourceTree = "<group>"; };
		542A62B42111C69D000BA066 /* smart_pointers_test.mm */ = {isa = PBXFileReference; lastKnownFileType = sourcecode.cpp.objcpp; path = smart_pointers_test.mm; sourceTree = "<group>"; };
		542A62B62112DC68000BA066 /* sfinae_test.mm */ = {isa = PBXFileReference; lastKnownFileType = sourcecode.cpp.objcpp; path = sfinae_test.mm; sourceTree = "<group>"; };
		54A281FC211D5E6000D9073D /* enum_test.mm */ = {isa = PBXFileReference; lastKnownFileType = sourcecode.cpp.objcpp; path = enum_test.mm; sourceTree = "<group>"; };
		54A281FE211D666B00D9073D /* tuple_test.mm */ = {isa = PBXFileReference; lastKnownFileType = sourcecode.cpp.objcpp; path = tuple_test.mm; sourceTree = "<group>"; };
		54A28200211D6A5E00D9073D /* auto_test.mm */ = {isa = PBXFileReference; lastKnownFileType = sourcecode.cpp.objcpp; path = auto_test.mm; sourceTree = "<group>"; };
/* End PBXFileReference section */

/* Begin PBXFrameworksBuildPhase section */
		542A629521119D1E000BA066 /* Frameworks */ = {
			isa = PBXFrameworksBuildPhase;
			buildActionMask = 2147483647;
			files = (
			);
			runOnlyForDeploymentPostprocessing = 0;
		};
		542A62A32111A064000BA066 /* Frameworks */ = {
			isa = PBXFrameworksBuildPhase;
			buildActionMask = 2147483647;
			files = (
			);
			runOnlyForDeploymentPostprocessing = 0;
		};
/* End PBXFrameworksBuildPhase section */

/* Begin PBXGroup section */
		542A628F21119D1E000BA066 = {
			isa = PBXGroup;
			children = (
				542A629A21119D1E000BA066 /* modern_cpp */,
				542A62A72111A065000BA066 /* modern_cpp_test */,
				542A629921119D1E000BA066 /* Products */,
			);
			sourceTree = "<group>";
		};
		542A629921119D1E000BA066 /* Products */ = {
			isa = PBXGroup;
			children = (
				542A629821119D1E000BA066 /* modern_cpp */,
				542A62A62111A064000BA066 /* modern_cpp_test.xctest */,
			);
			name = Products;
			sourceTree = "<group>";
		};
		542A629A21119D1E000BA066 /* modern_cpp */ = {
			isa = PBXGroup;
			children = (
				542A629B21119D1E000BA066 /* main.cpp */,
			);
			path = modern_cpp;
			sourceTree = "<group>";
		};
		542A62A72111A065000BA066 /* modern_cpp_test */ = {
			isa = PBXGroup;
			children = (
				542A62AA2111A065000BA066 /* Info.plist */,
				542A62AE2111C1BE000BA066 /* thread_test.mm */,
				542A62B02111C40F000BA066 /* constexpr_test.mm */,
				542A62B22111C5C5000BA066 /* overload_test.mm */,
				542A62B42111C69D000BA066 /* smart_pointers_test.mm */,
				542A62B62112DC68000BA066 /* sfinae_test.mm */,
				54A281FC211D5E6000D9073D /* enum_test.mm */,
				54A281FE211D666B00D9073D /* tuple_test.mm */,
				54A28200211D6A5E00D9073D /* auto_test.mm */,
				5415C01421214E2100B26BBE /* nullptr_test.mm */,
				5415C01A21229F0800B26BBE /* type_test.mm */,
			);
			path = modern_cpp_test;
			sourceTree = "<group>";
		};
/* End PBXGroup section */

/* Begin PBXNativeTarget section */
		542A629721119D1E000BA066 /* modern_cpp */ = {
			isa = PBXNativeTarget;
			buildConfigurationList = 542A629F21119D1E000BA066 /* Build configuration list for PBXNativeTarget "modern_cpp" */;
			buildPhases = (
				542A629421119D1E000BA066 /* Sources */,
				542A629521119D1E000BA066 /* Frameworks */,
				542A629621119D1E000BA066 /* CopyFiles */,
			);
			buildRules = (
			);
			dependencies = (
			);
			name = modern_cpp;
			productName = modern_cpp;
			productReference = 542A629821119D1E000BA066 /* modern_cpp */;
			productType = "com.apple.product-type.tool";
		};
		542A62A52111A064000BA066 /* modern_cpp_test */ = {
			isa = PBXNativeTarget;
			buildConfigurationList = 542A62AD2111A065000BA066 /* Build configuration list for PBXNativeTarget "modern_cpp_test" */;
			buildPhases = (
				542A62A22111A064000BA066 /* Sources */,
				542A62A32111A064000BA066 /* Frameworks */,
				542A62A42111A064000BA066 /* Resources */,
			);
			buildRules = (
			);
			dependencies = (
			);
			name = modern_cpp_test;
			productName = modern_cpp_test;
			productReference = 542A62A62111A064000BA066 /* modern_cpp_test.xctest */;
			productType = "com.apple.product-type.bundle.unit-test";
		};
/* End PBXNativeTarget section */

/* Begin PBXProject section */
		542A629021119D1E000BA066 /* Project object */ = {
			isa = PBXProject;
			attributes = {
				LastUpgradeCheck = 0900;
				ORGANIZATIONNAME = LVA;
				TargetAttributes = {
					542A629721119D1E000BA066 = {
						CreatedOnToolsVersion = 9.0;
						ProvisioningStyle = Automatic;
					};
					542A62A52111A064000BA066 = {
						CreatedOnToolsVersion = 9.0;
						ProvisioningStyle = Automatic;
					};
				};
			};
			buildConfigurationList = 542A629321119D1E000BA066 /* Build configuration list for PBXProject "modern_cpp" */;
			compatibilityVersion = "Xcode 8.0";
			developmentRegion = en;
			hasScannedForEncodings = 0;
			knownRegions = (
				en,
			);
			mainGroup = 542A628F21119D1E000BA066;
			productRefGroup = 542A629921119D1E000BA066 /* Products */;
			projectDirPath = "";
			projectRoot = "";
			targets = (
				542A629721119D1E000BA066 /* modern_cpp */,
				542A62A52111A064000BA066 /* modern_cpp_test */,
			);
		};
/* End PBXProject section */

/* Begin PBXResourcesBuildPhase section */
		542A62A42111A064000BA066 /* Resources */ = {
			isa = PBXResourcesBuildPhase;
			buildActionMask = 2147483647;
			files = (
			);
			runOnlyForDeploymentPostprocessing = 0;
		};
/* End PBXResourcesBuildPhase section */

/* Begin PBXSourcesBuildPhase section */
		542A629421119D1E000BA066 /* Sources */ = {
			isa = PBXSourcesBuildPhase;
			buildActionMask = 2147483647;
			files = (
				542A629C21119D1E000BA066 /* main.cpp in Sources */,
			);
			runOnlyForDeploymentPostprocessing = 0;
		};
		542A62A22111A064000BA066 /* Sources */ = {
			isa = PBXSourcesBuildPhase;
			buildActionMask = 2147483647;
			files = (
				542A62B32111C5C5000BA066 /* overload_test.mm in Sources */,
				542A62AF2111C1BF000BA066 /* thread_test.mm in Sources */,
				54A281FF211D666B00D9073D /* tuple_test.mm in Sources */,
				54A281FD211D5E6000D9073D /* enum_test.mm in Sources */,
				542A62B72112DC68000BA066 /* sfinae_test.mm in Sources */,
				5415C01521214E2100B26BBE /* nullptr_test.mm in Sources */,
				542A62B12111C40F000BA066 /* constexpr_test.mm in Sources */,
				54A28201211D6A5E00D9073D /* auto_test.mm in Sources */,
				542A62B52111C69D000BA066 /* smart_pointers_test.mm in Sources */,
				5415C01B21229F0800B26BBE /* type_test.mm in Sources */,
			);
			runOnlyForDeploymentPostprocessing = 0;
		};
/* End PBXSourcesBuildPhase section */

/* Begin XCBuildConfiguration section */
		542A629D21119D1E000BA066 /* Debug */ = {
			isa = XCBuildConfiguration;
			buildSettings = {
				ALWAYS_SEARCH_USER_PATHS = NO;
				CLANG_ANALYZER_NONNULL = YES;
				CLANG_ANALYZER_NUMBER_OBJECT_CONVERSION = YES_AGGRESSIVE;
				CLANG_CXX_LANGUAGE_STANDARD = "gnu++14";
				CLANG_CXX_LIBRARY = "libc++";
				CLANG_ENABLE_MODULES = YES;
				CLANG_ENABLE_OBJC_ARC = YES;
				CLANG_WARN_BLOCK_CAPTURE_AUTORELEASING = YES;
				CLANG_WARN_BOOL_CONVERSION = YES;
				CLANG_WARN_COMMA = YES;
				CLANG_WARN_CONSTANT_CONVERSION = YES;
				CLANG_WARN_DIRECT_OBJC_ISA_USAGE = YES_ERROR;
				CLANG_WARN_DOCUMENTATION_COMMENTS = YES;
				CLANG_WARN_EMPTY_BODY = YES;
				CLANG_WARN_ENUM_CONVERSION = YES;
				CLANG_WARN_INFINITE_RECURSION = YES;
				CLANG_WARN_INT_CONVERSION = YES;
				CLANG_WARN_NON_LITERAL_NULL_CONVERSION = YES;
				CLANG_WARN_OBJC_LITERAL_CONVERSION = YES;
				CLANG_WARN_OBJC_ROOT_CLASS = YES_ERROR;
				CLANG_WARN_RANGE_LOOP_ANALYSIS = YES;
				CLANG_WARN_STRICT_PROTOTYPES = YES;
				CLANG_WARN_SUSPICIOUS_MOVE = YES;
				CLANG_WARN_UNGUARDED_AVAILABILITY = YES_AGGRESSIVE;
				CLANG_WARN_UNREACHABLE_CODE = YES;
				CLANG_WARN__DUPLICATE_METHOD_MATCH = YES;
				CODE_SIGN_IDENTITY = "Mac Developer";
				COPY_PHASE_STRIP = NO;
				DEBUG_INFORMATION_FORMAT = dwarf;
				ENABLE_STRICT_OBJC_MSGSEND = YES;
				ENABLE_TESTABILITY = YES;
				GCC_C_LANGUAGE_STANDARD = gnu11;
				GCC_DYNAMIC_NO_PIC = NO;
				GCC_NO_COMMON_BLOCKS = YES;
				GCC_OPTIMIZATION_LEVEL = 0;
				GCC_PREPROCESSOR_DEFINITIONS = (
					"DEBUG=1",
					"$(inherited)",
				);
				GCC_WARN_64_TO_32_BIT_CONVERSION = YES;
				GCC_WARN_ABOUT_RETURN_TYPE = YES_ERROR;
				GCC_WARN_UNDECLARED_SELECTOR = YES;
				GCC_WARN_UNINITIALIZED_AUTOS = YES_AGGRESSIVE;
				GCC_WARN_UNUSED_FUNCTION = YES;
				GCC_WARN_UNUSED_VARIABLE = YES;
				MACOSX_DEPLOYMENT_TARGET = 10.13;
				MTL_ENABLE_DEBUG_INFO = YES;
				ONLY_ACTIVE_ARCH = YES;
				SDKROOT = macosx;
			};
			name = Debug;
		};
		542A629E21119D1E000BA066 /* Release */ = {
			isa = XCBuildConfiguration;
			buildSettings = {
				ALWAYS_SEARCH_USER_PATHS = NO;
				CLANG_ANALYZER_NONNULL = YES;
				CLANG_ANALYZER_NUMBER_OBJECT_CONVERSION = YES_AGGRESSIVE;
				CLANG_CXX_LANGUAGE_STANDARD = "gnu++14";
				CLANG_CXX_LIBRARY = "libc++";
				CLANG_ENABLE_MODULES = YES;
				CLANG_ENABLE_OBJC_ARC = YES;
				CLANG_WARN_BLOCK_CAPTURE_AUTORELEASING = YES;
				CLANG_WARN_BOOL_CONVERSION = YES;
				CLANG_WARN_COMMA = YES;
				CLANG_WARN_CONSTANT_CONVERSION = YES;
				CLANG_WARN_DIRECT_OBJC_ISA_USAGE = YES_ERROR;
				CLANG_WARN_DOCUMENTATION_COMMENTS = YES;
				CLANG_WARN_EMPTY_BODY = YES;
				CLANG_WARN_ENUM_CONVERSION = YES;
				CLANG_WARN_INFINITE_RECURSION = YES;
				CLANG_WARN_INT_CONVERSION = YES;
				CLANG_WARN_NON_LITERAL_NULL_CONVERSION = YES;
				CLANG_WARN_OBJC_LITERAL_CONVERSION = YES;
				CLANG_WARN_OBJC_ROOT_CLASS = YES_ERROR;
				CLANG_WARN_RANGE_LOOP_ANALYSIS = YES;
				CLANG_WARN_STRICT_PROTOTYPES = YES;
				CLANG_WARN_SUSPICIOUS_MOVE = YES;
				CLANG_WARN_UNGUARDED_AVAILABILITY = YES_AGGRESSIVE;
				CLANG_WARN_UNREACHABLE_CODE = YES;
				CLANG_WARN__DUPLICATE_METHOD_MATCH = YES;
				CODE_SIGN_IDENTITY = "Mac Developer";
				COPY_PHASE_STRIP = NO;
				DEBUG_INFORMATION_FORMAT = "dwarf-with-dsym";
				ENABLE_NS_ASSERTIONS = NO;
				ENABLE_STRICT_OBJC_MSGSEND = YES;
				GCC_C_LANGUAGE_STANDARD = gnu11;
				GCC_NO_COMMON_BLOCKS = YES;
				GCC_WARN_64_TO_32_BIT_CONVERSION = YES;
				GCC_WARN_ABOUT_RETURN_TYPE = YES_ERROR;
				GCC_WARN_UNDECLARED_SELECTOR = YES;
				GCC_WARN_UNINITIALIZED_AUTOS = YES_AGGRESSIVE;
				GCC_WARN_UNUSED_FUNCTION = YES;
				GCC_WARN_UNUSED_VARIABLE = YES;
				MACOSX_DEPLOYMENT_TARGET = 10.13;
				MTL_ENABLE_DEBUG_INFO = NO;
				SDKROOT = macosx;
			};
			name = Release;
		};
		542A62A021119D1E000BA066 /* Debug */ = {
			isa = XCBuildConfiguration;
			buildSettings = {
				CODE_SIGN_STYLE = Automatic;
				DEVELOPMENT_TEAM = 8M8T7QQG92;
				PRODUCT_NAME = "$(TARGET_NAME)";
			};
			name = Debug;
		};
		542A62A121119D1E000BA066 /* Release */ = {
			isa = XCBuildConfiguration;
			buildSettings = {
				CODE_SIGN_STYLE = Automatic;
				DEVELOPMENT_TEAM = 8M8T7QQG92;
				PRODUCT_NAME = "$(TARGET_NAME)";
			};
			name = Release;
		};
		542A62AB2111A065000BA066 /* Debug */ = {
			isa = XCBuildConfiguration;
			buildSettings = {
				CODE_SIGN_STYLE = Automatic;
				COMBINE_HIDPI_IMAGES = YES;
				DEVELOPMENT_TEAM = 8M8T7QQG92;
				INFOPLIST_FILE = modern_cpp_test/Info.plist;
				LD_RUNPATH_SEARCH_PATHS = "$(inherited) @executable_path/../Frameworks @loader_path/../Frameworks";
				PRODUCT_BUNDLE_IDENTIFIER = "lva.com.modern-cpp-test";
				PRODUCT_NAME = "$(TARGET_NAME)";
			};
			name = Debug;
		};
		542A62AC2111A065000BA066 /* Release */ = {
			isa = XCBuildConfiguration;
			buildSettings = {
				CODE_SIGN_STYLE = Automatic;
				COMBINE_HIDPI_IMAGES = YES;
				DEVELOPMENT_TEAM = 8M8T7QQG92;
				INFOPLIST_FILE = modern_cpp_test/Info.plist;
				LD_RUNPATH_SEARCH_PATHS = "$(inherited) @executable_path/../Frameworks @loader_path/../Frameworks";
				PRODUCT_BUNDLE_IDENTIFIER = "lva.com.modern-cpp-test";
				PRODUCT_NAME = "$(TARGET_NAME)";
			};
			name = Release;
		};
/* End XCBuildConfiguration section */

/* Begin XCConfigurationList section */
		542A629321119D1E000BA066 /* Build configuration list for PBXProject "modern_cpp" */ = {
			isa = XCConfigurationList;
			buildConfigurations = (
				542A629D21119D1E000BA066 /* Debug */,
				542A629E21119D1E000BA066 /* Release */,
			);
			defaultConfigurationIsVisible = 0;
			defaultConfigurationName = Release;
		};
		542A629F21119D1E000BA066 /* Build configuration list for PBXNativeTarget "modern_cpp" */ = {
			isa = XCConfigurationList;
			buildConfigurations = (
				542A62A021119D1E000BA066 /* Debug */,
				542A62A121119D1E000BA066 /* Release */,
			);
			defaultConfigurationIsVisible = 0;
			defaultConfigurationName = Release;
		};
		542A62AD2111A065000BA066 /* Build configuration list for PBXNativeTarget "modern_cpp_test" */ = {
			isa = XCConfigurationList;
			buildConfigurations = (
				542A62AB2111A065000BA066 /* Debug */,
				542A62AC2111A065000BA066 /* Release */,
			);
			defaultConfigurationIsVisible = 0;
			defaultConfigurationName = Release;
		};
/* End XCConfigurationList section */
	};
	rootObject = 542A629021119D1E000BA066 /* Project object */;
}
